// !$*UTF8*$!
{
	archiveVersion = 1;
	classes = {
	};
	objectVersion = 60;
	objects = {

/* Begin PBXBuildFile section */
		26DC5AE62BBEC0BF000E9510 /* AppDelegate.swift in Sources */ = {isa = PBXBuildFile; fileRef = 26DC5AE52BBEC0BF000E9510 /* AppDelegate.swift */; };
		26DC5AE82BBEC0BF000E9510 /* SceneDelegate.swift in Sources */ = {isa = PBXBuildFile; fileRef = 26DC5AE72BBEC0BF000E9510 /* SceneDelegate.swift */; };
		26DC5AEA2BBEC0BF000E9510 /* ViewController.swift in Sources */ = {isa = PBXBuildFile; fileRef = 26DC5AE92BBEC0BF000E9510 /* ViewController.swift */; };
		26DC5AED2BBEC0BF000E9510 /* Main.storyboard in Resources */ = {isa = PBXBuildFile; fileRef = 26DC5AEB2BBEC0BF000E9510 /* Main.storyboard */; };
		26DC5AEF2BBEC0BF000E9510 /* Assets.xcassets in Resources */ = {isa = PBXBuildFile; fileRef = 26DC5AEE2BBEC0BF000E9510 /* Assets.xcassets */; };
		26DC5AF22BBEC0BF000E9510 /* LaunchScreen.storyboard in Resources */ = {isa = PBXBuildFile; fileRef = 26DC5AF02BBEC0BF000E9510 /* LaunchScreen.storyboard */; };
		26DC5AFA2BBEC0D4000E9510 /* MealzViewConfig.swift in Sources */ = {isa = PBXBuildFile; fileRef = 26DC5AF92BBEC0D4000E9510 /* MealzViewConfig.swift */; };
		26DC5B092BBEC0DE000E9510 /* DemoBasketService.swift in Sources */ = {isa = PBXBuildFile; fileRef = 26DC5B032BBEC0DE000E9510 /* DemoBasketService.swift */; };
		26DC5B0A2BBEC0DE000E9510 /* PretendBasketViewController.swift in Sources */ = {isa = PBXBuildFile; fileRef = 26DC5B052BBEC0DE000E9510 /* PretendBasketViewController.swift */; };
		26DC5B0B2BBEC0DE000E9510 /* PretendProduct.swift in Sources */ = {isa = PBXBuildFile; fileRef = 26DC5B062BBEC0DE000E9510 /* PretendProduct.swift */; };
		26DC5B0C2BBEC0DE000E9510 /* PretendBasket.swift in Sources */ = {isa = PBXBuildFile; fileRef = 26DC5B072BBEC0DE000E9510 /* PretendBasket.swift */; };
		26DC5B0D2BBEC0DE000E9510 /* MealzManager.swift in Sources */ = {isa = PBXBuildFile; fileRef = 26DC5B082BBEC0DE000E9510 /* MealzManager.swift */; };
		26DC5B102BBEC106000E9510 /* MarmitonUIMealzIOS in Frameworks */ = {isa = PBXBuildFile; productRef = 26DC5B0F2BBEC106000E9510 /* MarmitonUIMealzIOS */; };
		26DC5B122BBECAF2000E9510 /* StandaloneRecipeDetailsViewController.swift in Sources */ = {isa = PBXBuildFile; fileRef = 26DC5B112BBECAF2000E9510 /* StandaloneRecipeDetailsViewController.swift */; };
		26DC5B142BBED007000E9510 /* OpenRecipeDetailsButtonViewController.swift in Sources */ = {isa = PBXBuildFile; fileRef = 26DC5B132BBED007000E9510 /* OpenRecipeDetailsButtonViewController.swift */; };
		26DC5B182BBEF138000E9510 /* MyBasketViewController.swift in Sources */ = {isa = PBXBuildFile; fileRef = 26DC5B172BBEF138000E9510 /* MyBasketViewController.swift */; };
/* End PBXBuildFile section */

/* Begin PBXFileReference section */
		26DC5AE22BBEC0BF000E9510 /* MarmitonDemoIOSMealz.app */ = {isa = PBXFileReference; explicitFileType = wrapper.application; includeInIndex = 0; path = MarmitonDemoIOSMealz.app; sourceTree = BUILT_PRODUCTS_DIR; };
		26DC5AE52BBEC0BF000E9510 /* AppDelegate.swift */ = {isa = PBXFileReference; lastKnownFileType = sourcecode.swift; path = AppDelegate.swift; sourceTree = "<group>"; };
		26DC5AE72BBEC0BF000E9510 /* SceneDelegate.swift */ = {isa = PBXFileReference; lastKnownFileType = sourcecode.swift; path = SceneDelegate.swift; sourceTree = "<group>"; };
		26DC5AE92BBEC0BF000E9510 /* ViewController.swift */ = {isa = PBXFileReference; lastKnownFileType = sourcecode.swift; path = ViewController.swift; sourceTree = "<group>"; };
		26DC5AEC2BBEC0BF000E9510 /* Base */ = {isa = PBXFileReference; lastKnownFileType = file.storyboard; name = Base; path = Base.lproj/Main.storyboard; sourceTree = "<group>"; };
		26DC5AEE2BBEC0BF000E9510 /* Assets.xcassets */ = {isa = PBXFileReference; lastKnownFileType = folder.assetcatalog; path = Assets.xcassets; sourceTree = "<group>"; };
		26DC5AF12BBEC0BF000E9510 /* Base */ = {isa = PBXFileReference; lastKnownFileType = file.storyboard; name = Base; path = Base.lproj/LaunchScreen.storyboard; sourceTree = "<group>"; };
		26DC5AF32BBEC0BF000E9510 /* Info.plist */ = {isa = PBXFileReference; lastKnownFileType = text.plist.xml; path = Info.plist; sourceTree = "<group>"; };
		26DC5AF92BBEC0D4000E9510 /* MealzViewConfig.swift */ = {isa = PBXFileReference; fileEncoding = 4; lastKnownFileType = sourcecode.swift; path = MealzViewConfig.swift; sourceTree = "<group>"; };
		26DC5B032BBEC0DE000E9510 /* DemoBasketService.swift */ = {isa = PBXFileReference; fileEncoding = 4; lastKnownFileType = sourcecode.swift; path = DemoBasketService.swift; sourceTree = "<group>"; };
		26DC5B052BBEC0DE000E9510 /* PretendBasketViewController.swift */ = {isa = PBXFileReference; fileEncoding = 4; lastKnownFileType = sourcecode.swift; path = PretendBasketViewController.swift; sourceTree = "<group>"; };
		26DC5B062BBEC0DE000E9510 /* PretendProduct.swift */ = {isa = PBXFileReference; fileEncoding = 4; lastKnownFileType = sourcecode.swift; path = PretendProduct.swift; sourceTree = "<group>"; };
		26DC5B072BBEC0DE000E9510 /* PretendBasket.swift */ = {isa = PBXFileReference; fileEncoding = 4; lastKnownFileType = sourcecode.swift; path = PretendBasket.swift; sourceTree = "<group>"; };
		26DC5B082BBEC0DE000E9510 /* MealzManager.swift */ = {isa = PBXFileReference; fileEncoding = 4; lastKnownFileType = sourcecode.swift; path = MealzManager.swift; sourceTree = "<group>"; };
		26DC5B112BBECAF2000E9510 /* StandaloneRecipeDetailsViewController.swift */ = {isa = PBXFileReference; lastKnownFileType = sourcecode.swift; path = StandaloneRecipeDetailsViewController.swift; sourceTree = "<group>"; };
		26DC5B132BBED007000E9510 /* OpenRecipeDetailsButtonViewController.swift */ = {isa = PBXFileReference; indentWidth = 3; lastKnownFileType = sourcecode.swift; path = OpenRecipeDetailsButtonViewController.swift; sourceTree = "<group>"; };
		26DC5B172BBEF138000E9510 /* MyBasketViewController.swift */ = {isa = PBXFileReference; lastKnownFileType = sourcecode.swift; path = MyBasketViewController.swift; sourceTree = "<group>"; };
/* End PBXFileReference section */

/* Begin PBXFrameworksBuildPhase section */
		26DC5ADF2BBEC0BF000E9510 /* Frameworks */ = {
			isa = PBXFrameworksBuildPhase;
			buildActionMask = 2147483647;
			files = (
				26DC5B102BBEC106000E9510 /* MarmitonUIMealzIOS in Frameworks */,
			);
			runOnlyForDeploymentPostprocessing = 0;
		};
/* End PBXFrameworksBuildPhase section */

/* Begin PBXGroup section */
		26DC5AD92BBEC0BF000E9510 = {
			isa = PBXGroup;
			children = (
				26DC5AE42BBEC0BF000E9510 /* MarmitonDemoIOSMealz */,
				26DC5AE32BBEC0BF000E9510 /* Products */,
			);
			sourceTree = "<group>";
		};
		26DC5AE32BBEC0BF000E9510 /* Products */ = {
			isa = PBXGroup;
			children = (
				26DC5AE22BBEC0BF000E9510 /* MarmitonDemoIOSMealz.app */,
			);
			name = Products;
			sourceTree = "<group>";
		};
		26DC5AE42BBEC0BF000E9510 /* MarmitonDemoIOSMealz */ = {
			isa = PBXGroup;
			children = (
				26DC5B022BBEC0DE000E9510 /* MealzInit */,
				26DC5AFB2BBEC0DA000E9510 /* Features */,
				26DC5AF92BBEC0D4000E9510 /* MealzViewConfig.swift */,
				26DC5AE52BBEC0BF000E9510 /* AppDelegate.swift */,
				26DC5AE72BBEC0BF000E9510 /* SceneDelegate.swift */,
				26DC5AE92BBEC0BF000E9510 /* ViewController.swift */,
				26DC5AEB2BBEC0BF000E9510 /* Main.storyboard */,
				26DC5AEE2BBEC0BF000E9510 /* Assets.xcassets */,
				26DC5AF02BBEC0BF000E9510 /* LaunchScreen.storyboard */,
				26DC5AF32BBEC0BF000E9510 /* Info.plist */,
				26DC5B132BBED007000E9510 /* OpenRecipeDetailsButtonViewController.swift */,
			);
			path = MarmitonDemoIOSMealz;
			sourceTree = "<group>";
		};
		26DC5AFB2BBEC0DA000E9510 /* Features */ = {
			isa = PBXGroup;
			children = (
				26DC5B112BBECAF2000E9510 /* StandaloneRecipeDetailsViewController.swift */,
				26DC5B172BBEF138000E9510 /* MyBasketViewController.swift */,
			);
			path = Features;
			sourceTree = "<group>";
		};
		26DC5B022BBEC0DE000E9510 /* MealzInit */ = {
			isa = PBXGroup;
			children = (
				26DC5B032BBEC0DE000E9510 /* DemoBasketService.swift */,
				26DC5B042BBEC0DE000E9510 /* PretendBasket */,
				26DC5B082BBEC0DE000E9510 /* MealzManager.swift */,
			);
			path = MealzInit;
			sourceTree = "<group>";
		};
		26DC5B042BBEC0DE000E9510 /* PretendBasket */ = {
			isa = PBXGroup;
			children = (
				26DC5B052BBEC0DE000E9510 /* PretendBasketViewController.swift */,
				26DC5B062BBEC0DE000E9510 /* PretendProduct.swift */,
				26DC5B072BBEC0DE000E9510 /* PretendBasket.swift */,
			);
			path = PretendBasket;
			sourceTree = "<group>";
		};
/* End PBXGroup section */

/* Begin PBXNativeTarget section */
		26DC5AE12BBEC0BF000E9510 /* MarmitonDemoIOSMealz */ = {
			isa = PBXNativeTarget;
			buildConfigurationList = 26DC5AF62BBEC0BF000E9510 /* Build configuration list for PBXNativeTarget "MarmitonDemoIOSMealz" */;
			buildPhases = (
				26DC5ADE2BBEC0BF000E9510 /* Sources */,
				26DC5ADF2BBEC0BF000E9510 /* Frameworks */,
				26DC5AE02BBEC0BF000E9510 /* Resources */,
			);
			buildRules = (
			);
			dependencies = (
			);
			name = MarmitonDemoIOSMealz;
			packageProductDependencies = (
				26DC5B0F2BBEC106000E9510 /* MarmitonUIMealzIOS */,
			);
			productName = MarmitonDemoIOSMealz;
			productReference = 26DC5AE22BBEC0BF000E9510 /* MarmitonDemoIOSMealz.app */;
			productType = "com.apple.product-type.application";
		};
/* End PBXNativeTarget section */

/* Begin PBXProject section */
		26DC5ADA2BBEC0BF000E9510 /* Project object */ = {
			isa = PBXProject;
			attributes = {
				BuildIndependentTargetsInParallel = 1;
				LastSwiftUpdateCheck = 1510;
				LastUpgradeCheck = 1510;
				TargetAttributes = {
					26DC5AE12BBEC0BF000E9510 = {
						CreatedOnToolsVersion = 15.1;
					};
				};
			};
			buildConfigurationList = 26DC5ADD2BBEC0BF000E9510 /* Build configuration list for PBXProject "MarmitonDemoIOSMealz" */;
			compatibilityVersion = "Xcode 14.0";
			developmentRegion = en;
			hasScannedForEncodings = 0;
			knownRegions = (
				en,
				Base,
			);
			mainGroup = 26DC5AD92BBEC0BF000E9510;
			packageReferences = (
				26DC5B0E2BBEC106000E9510 /* XCLocalSwiftPackageReference "../MarmitonUIMealzIOS" */,
			);
			productRefGroup = 26DC5AE32BBEC0BF000E9510 /* Products */;
			projectDirPath = "";
			projectRoot = "";
			targets = (
				26DC5AE12BBEC0BF000E9510 /* MarmitonDemoIOSMealz */,
			);
		};
/* End PBXProject section */

/* Begin PBXResourcesBuildPhase section */
		26DC5AE02BBEC0BF000E9510 /* Resources */ = {
			isa = PBXResourcesBuildPhase;
			buildActionMask = 2147483647;
			files = (
				26DC5AF22BBEC0BF000E9510 /* LaunchScreen.storyboard in Resources */,
				26DC5AEF2BBEC0BF000E9510 /* Assets.xcassets in Resources */,
				26DC5AED2BBEC0BF000E9510 /* Main.storyboard in Resources */,
			);
			runOnlyForDeploymentPostprocessing = 0;
		};
/* End PBXResourcesBuildPhase section */

/* Begin PBXSourcesBuildPhase section */
		26DC5ADE2BBEC0BF000E9510 /* Sources */ = {
			isa = PBXSourcesBuildPhase;
			buildActionMask = 2147483647;
			files = (
				26DC5B0D2BBEC0DE000E9510 /* MealzManager.swift in Sources */,
				26DC5AEA2BBEC0BF000E9510 /* ViewController.swift in Sources */,
				26DC5B182BBEF138000E9510 /* MyBasketViewController.swift in Sources */,
				26DC5B092BBEC0DE000E9510 /* DemoBasketService.swift in Sources */,
				26DC5B0A2BBEC0DE000E9510 /* PretendBasketViewController.swift in Sources */,
				26DC5B142BBED007000E9510 /* OpenRecipeDetailsButtonViewController.swift in Sources */,
				26DC5B0C2BBEC0DE000E9510 /* PretendBasket.swift in Sources */,
				26DC5B0B2BBEC0DE000E9510 /* PretendProduct.swift in Sources */,
				26DC5AE62BBEC0BF000E9510 /* AppDelegate.swift in Sources */,
				26DC5AFA2BBEC0D4000E9510 /* MealzViewConfig.swift in Sources */,
				26DC5AE82BBEC0BF000E9510 /* SceneDelegate.swift in Sources */,
				26DC5B122BBECAF2000E9510 /* StandaloneRecipeDetailsViewController.swift in Sources */,
			);
			runOnlyForDeploymentPostprocessing = 0;
		};
/* End PBXSourcesBuildPhase section */

/* Begin PBXVariantGroup section */
		26DC5AEB2BBEC0BF000E9510 /* Main.storyboard */ = {
			isa = PBXVariantGroup;
			children = (
				26DC5AEC2BBEC0BF000E9510 /* Base */,
			);
			name = Main.storyboard;
			sourceTree = "<group>";
		};
		26DC5AF02BBEC0BF000E9510 /* LaunchScreen.storyboard */ = {
			isa = PBXVariantGroup;
			children = (
				26DC5AF12BBEC0BF000E9510 /* Base */,
			);
			name = LaunchScreen.storyboard;
			sourceTree = "<group>";
		};
/* End PBXVariantGroup section */

/* Begin XCBuildConfiguration section */
		26DC5AF42BBEC0BF000E9510 /* Debug */ = {
			isa = XCBuildConfiguration;
			buildSettings = {
				ALWAYS_SEARCH_USER_PATHS = NO;
				ASSETCATALOG_COMPILER_GENERATE_SWIFT_ASSET_SYMBOL_EXTENSIONS = YES;
				CLANG_ANALYZER_NONNULL = YES;
				CLANG_ANALYZER_NUMBER_OBJECT_CONVERSION = YES_AGGRESSIVE;
				CLANG_CXX_LANGUAGE_STANDARD = "gnu++20";
				CLANG_ENABLE_MODULES = YES;
				CLANG_ENABLE_OBJC_ARC = YES;
				CLANG_ENABLE_OBJC_WEAK = YES;
				CLANG_WARN_BLOCK_CAPTURE_AUTORELEASING = YES;
				CLANG_WARN_BOOL_CONVERSION = YES;
				CLANG_WARN_COMMA = YES;
				CLANG_WARN_CONSTANT_CONVERSION = YES;
				CLANG_WARN_DEPRECATED_OBJC_IMPLEMENTATIONS = YES;
				CLANG_WARN_DIRECT_OBJC_ISA_USAGE = YES_ERROR;
				CLANG_WARN_DOCUMENTATION_COMMENTS = YES;
				CLANG_WARN_EMPTY_BODY = YES;
				CLANG_WARN_ENUM_CONVERSION = YES;
				CLANG_WARN_INFINITE_RECURSION = YES;
				CLANG_WARN_INT_CONVERSION = YES;
				CLANG_WARN_NON_LITERAL_NULL_CONVERSION = YES;
				CLANG_WARN_OBJC_IMPLICIT_RETAIN_SELF = YES;
				CLANG_WARN_OBJC_LITERAL_CONVERSION = YES;
				CLANG_WARN_OBJC_ROOT_CLASS = YES_ERROR;
				CLANG_WARN_QUOTED_INCLUDE_IN_FRAMEWORK_HEADER = YES;
				CLANG_WARN_RANGE_LOOP_ANALYSIS = YES;
				CLANG_WARN_STRICT_PROTOTYPES = YES;
				CLANG_WARN_SUSPICIOUS_MOVE = YES;
				CLANG_WARN_UNGUARDED_AVAILABILITY = YES_AGGRESSIVE;
				CLANG_WARN_UNREACHABLE_CODE = YES;
				CLANG_WARN__DUPLICATE_METHOD_MATCH = YES;
				COPY_PHASE_STRIP = NO;
				DEBUG_INFORMATION_FORMAT = dwarf;
				ENABLE_STRICT_OBJC_MSGSEND = YES;
				ENABLE_TESTABILITY = YES;
				ENABLE_USER_SCRIPT_SANDBOXING = YES;
				GCC_C_LANGUAGE_STANDARD = gnu17;
				GCC_DYNAMIC_NO_PIC = NO;
				GCC_NO_COMMON_BLOCKS = YES;
				GCC_OPTIMIZATION_LEVEL = 0;
				GCC_PREPROCESSOR_DEFINITIONS = (
					"DEBUG=1",
					"$(inherited)",
				);
				GCC_WARN_64_TO_32_BIT_CONVERSION = YES;
				GCC_WARN_ABOUT_RETURN_TYPE = YES_ERROR;
				GCC_WARN_UNDECLARED_SELECTOR = YES;
				GCC_WARN_UNINITIALIZED_AUTOS = YES_AGGRESSIVE;
				GCC_WARN_UNUSED_FUNCTION = YES;
				GCC_WARN_UNUSED_VARIABLE = YES;
				IPHONEOS_DEPLOYMENT_TARGET = 17.2;
				LOCALIZATION_PREFERS_STRING_CATALOGS = YES;
				MTL_ENABLE_DEBUG_INFO = INCLUDE_SOURCE;
				MTL_FAST_MATH = YES;
				ONLY_ACTIVE_ARCH = YES;
				SDKROOT = iphoneos;
				SWIFT_ACTIVE_COMPILATION_CONDITIONS = "DEBUG $(inherited)";
				SWIFT_OPTIMIZATION_LEVEL = "-Onone";
			};
			name = Debug;
		};
		26DC5AF52BBEC0BF000E9510 /* Release */ = {
			isa = XCBuildConfiguration;
			buildSettings = {
				ALWAYS_SEARCH_USER_PATHS = NO;
				ASSETCATALOG_COMPILER_GENERATE_SWIFT_ASSET_SYMBOL_EXTENSIONS = YES;
				CLANG_ANALYZER_NONNULL = YES;
				CLANG_ANALYZER_NUMBER_OBJECT_CONVERSION = YES_AGGRESSIVE;
				CLANG_CXX_LANGUAGE_STANDARD = "gnu++20";
				CLANG_ENABLE_MODULES = YES;
				CLANG_ENABLE_OBJC_ARC = YES;
				CLANG_ENABLE_OBJC_WEAK = YES;
				CLANG_WARN_BLOCK_CAPTURE_AUTORELEASING = YES;
				CLANG_WARN_BOOL_CONVERSION = YES;
				CLANG_WARN_COMMA = YES;
				CLANG_WARN_CONSTANT_CONVERSION = YES;
				CLANG_WARN_DEPRECATED_OBJC_IMPLEMENTATIONS = YES;
				CLANG_WARN_DIRECT_OBJC_ISA_USAGE = YES_ERROR;
				CLANG_WARN_DOCUMENTATION_COMMENTS = YES;
				CLANG_WARN_EMPTY_BODY = YES;
				CLANG_WARN_ENUM_CONVERSION = YES;
				CLANG_WARN_INFINITE_RECURSION = YES;
				CLANG_WARN_INT_CONVERSION = YES;
				CLANG_WARN_NON_LITERAL_NULL_CONVERSION = YES;
				CLANG_WARN_OBJC_IMPLICIT_RETAIN_SELF = YES;
				CLANG_WARN_OBJC_LITERAL_CONVERSION = YES;
				CLANG_WARN_OBJC_ROOT_CLASS = YES_ERROR;
				CLANG_WARN_QUOTED_INCLUDE_IN_FRAMEWORK_HEADER = YES;
				CLANG_WARN_RANGE_LOOP_ANALYSIS = YES;
				CLANG_WARN_STRICT_PROTOTYPES = YES;
				CLANG_WARN_SUSPICIOUS_MOVE = YES;
				CLANG_WARN_UNGUARDED_AVAILABILITY = YES_AGGRESSIVE;
				CLANG_WARN_UNREACHABLE_CODE = YES;
				CLANG_WARN__DUPLICATE_METHOD_MATCH = YES;
				COPY_PHASE_STRIP = NO;
				DEBUG_INFORMATION_FORMAT = "dwarf-with-dsym";
				ENABLE_NS_ASSERTIONS = NO;
				ENABLE_STRICT_OBJC_MSGSEND = YES;
				ENABLE_USER_SCRIPT_SANDBOXING = YES;
				GCC_C_LANGUAGE_STANDARD = gnu17;
				GCC_NO_COMMON_BLOCKS = YES;
				GCC_WARN_64_TO_32_BIT_CONVERSION = YES;
				GCC_WARN_ABOUT_RETURN_TYPE = YES_ERROR;
				GCC_WARN_UNDECLARED_SELECTOR = YES;
				GCC_WARN_UNINITIALIZED_AUTOS = YES_AGGRESSIVE;
				GCC_WARN_UNUSED_FUNCTION = YES;
				GCC_WARN_UNUSED_VARIABLE = YES;
				IPHONEOS_DEPLOYMENT_TARGET = 17.2;
				LOCALIZATION_PREFERS_STRING_CATALOGS = YES;
				MTL_ENABLE_DEBUG_INFO = NO;
				MTL_FAST_MATH = YES;
				SDKROOT = iphoneos;
				SWIFT_COMPILATION_MODE = wholemodule;
				VALIDATE_PRODUCT = YES;
			};
			name = Release;
		};
		26DC5AF72BBEC0BF000E9510 /* Debug */ = {
			isa = XCBuildConfiguration;
			buildSettings = {
				ASSETCATALOG_COMPILER_APPICON_NAME = AppIcon;
				ASSETCATALOG_COMPILER_GLOBAL_ACCENT_COLOR_NAME = AccentColor;
				CODE_SIGN_STYLE = Automatic;
				CURRENT_PROJECT_VERSION = 1;
				DEVELOPMENT_TEAM = VLHN7Y8965;
				GENERATE_INFOPLIST_FILE = YES;
				INFOPLIST_FILE = MarmitonDemoIOSMealz/Info.plist;
				INFOPLIST_KEY_UIApplicationSupportsIndirectInputEvents = YES;
				INFOPLIST_KEY_UILaunchStoryboardName = LaunchScreen;
				INFOPLIST_KEY_UIMainStoryboardFile = Main;
				INFOPLIST_KEY_UISupportedInterfaceOrientations_iPad = "UIInterfaceOrientationPortrait UIInterfaceOrientationPortraitUpsideDown UIInterfaceOrientationLandscapeLeft UIInterfaceOrientationLandscapeRight";
				INFOPLIST_KEY_UISupportedInterfaceOrientations_iPhone = "UIInterfaceOrientationPortrait UIInterfaceOrientationLandscapeLeft UIInterfaceOrientationLandscapeRight";
				LD_RUNPATH_SEARCH_PATHS = (
					"$(inherited)",
					"@executable_path/Frameworks",
				);
				MARKETING_VERSION = 1.0;
				PRODUCT_BUNDLE_IDENTIFIER = mealz.MarmitonDemoIOSMealz;
				PRODUCT_NAME = "$(TARGET_NAME)";
				SWIFT_EMIT_LOC_STRINGS = YES;
				SWIFT_VERSION = 5.0;
				TARGETED_DEVICE_FAMILY = "1,2";
			};
			name = Debug;
		};
		26DC5AF82BBEC0BF000E9510 /* Release */ = {
			isa = XCBuildConfiguration;
			buildSettings = {
				ASSETCATALOG_COMPILER_APPICON_NAME = AppIcon;
				ASSETCATALOG_COMPILER_GLOBAL_ACCENT_COLOR_NAME = AccentColor;
				CODE_SIGN_STYLE = Automatic;
				CURRENT_PROJECT_VERSION = 1;
				DEVELOPMENT_TEAM = VLHN7Y8965;
				GENERATE_INFOPLIST_FILE = YES;
				INFOPLIST_FILE = MarmitonDemoIOSMealz/Info.plist;
				INFOPLIST_KEY_UIApplicationSupportsIndirectInputEvents = YES;
				INFOPLIST_KEY_UILaunchStoryboardName = LaunchScreen;
				INFOPLIST_KEY_UIMainStoryboardFile = Main;
				INFOPLIST_KEY_UISupportedInterfaceOrientations_iPad = "UIInterfaceOrientationPortrait UIInterfaceOrientationPortraitUpsideDown UIInterfaceOrientationLandscapeLeft UIInterfaceOrientationLandscapeRight";
				INFOPLIST_KEY_UISupportedInterfaceOrientations_iPhone = "UIInterfaceOrientationPortrait UIInterfaceOrientationLandscapeLeft UIInterfaceOrientationLandscapeRight";
				LD_RUNPATH_SEARCH_PATHS = (
					"$(inherited)",
					"@executable_path/Frameworks",
				);
				MARKETING_VERSION = 1.0;
				PRODUCT_BUNDLE_IDENTIFIER = mealz.MarmitonDemoIOSMealz;
				PRODUCT_NAME = "$(TARGET_NAME)";
				SWIFT_EMIT_LOC_STRINGS = YES;
				SWIFT_VERSION = 5.0;
				TARGETED_DEVICE_FAMILY = "1,2";
			};
			name = Release;
		};
/* End XCBuildConfiguration section */

/* Begin XCConfigurationList section */
		26DC5ADD2BBEC0BF000E9510 /* Build configuration list for PBXProject "MarmitonDemoIOSMealz" */ = {
			isa = XCConfigurationList;
			buildConfigurations = (
				26DC5AF42BBEC0BF000E9510 /* Debug */,
				26DC5AF52BBEC0BF000E9510 /* Release */,
			);
			defaultConfigurationIsVisible = 0;
			defaultConfigurationName = Release;
		};
		26DC5AF62BBEC0BF000E9510 /* Build configuration list for PBXNativeTarget "MarmitonDemoIOSMealz" */ = {
			isa = XCConfigurationList;
			buildConfigurations = (
				26DC5AF72BBEC0BF000E9510 /* Debug */,
				26DC5AF82BBEC0BF000E9510 /* Release */,
			);
			defaultConfigurationIsVisible = 0;
			defaultConfigurationName = Release;
		};
/* End XCConfigurationList section */

/* Begin XCLocalSwiftPackageReference section */
		26DC5B0E2BBEC106000E9510 /* XCLocalSwiftPackageReference "../MarmitonUIMealzIOS" */ = {
			isa = XCLocalSwiftPackageReference;
			relativePath = ../MarmitonUIMealzIOS;
		};
/* End XCLocalSwiftPackageReference section */

/* Begin XCSwiftPackageProductDependency section */
		26DC5B0F2BBEC106000E9510 /* MarmitonUIMealzIOS */ = {
			isa = XCSwiftPackageProductDependency;
			productName = MarmitonUIMealzIOS;
		};
/* End XCSwiftPackageProductDependency section */
	};
	rootObject = 26DC5ADA2BBEC0BF000E9510 /* Project object */;
}
